
Microsoft Visual Studio Solution File, Format Version 12.00
# Visual Studio Version 17
VisualStudioVersion = 17.10.35013.160
MinimumVisualStudioVersion = 10.0.40219.1
Project("{9A19103F-16F7-4668-BE54-9A1E7A4F7556}") = "UKG Integration", "Day 3 Task\UKG Integration.csproj", "{EEDC6D8F-7F04-4A22-8FED-7D809A991287}"
EndProject
Global
	GlobalSection(SolutionConfigurationPlatforms) = preSolution
		Debug|Any CPU = Debug|Any CPU
		Release|Any CPU = Release|Any CPU
	EndGlobalSection
	GlobalSection(ProjectConfigurationPlatforms) = postSolution
		{EEDC6D8F-7F04-4A22-8FED-7D809A991287}.Debug|Any CPU.ActiveCfg = Debug|Any CPU
		{EEDC6D8F-7F04-4A22-8FED-7D809A991287}.Debug|Any CPU.Build.0 = Debug|Any CPU
		{EEDC6D8F-7F04-4A22-8FED-7D809A991287}.Release|Any CPU.ActiveCfg = Release|Any CPU
		{EEDC6D8F-7F04-4A22-8FED-7D809A991287}.Release|Any CPU.Build.0 = Release|Any CPU
	EndGlobalSection
	GlobalSection(SolutionProperties) = preSolution
		HideSolutionNode = FALSE
	EndGlobalSection
	GlobalSection(ExtensibilityGlobals) = postSolution
		SolutionGuid = {5D508ED6-73DA-41A5-B2C8-FBF4CC3C41D4}
	EndGlobalSection
EndGlobal
